
Microsoft Visual Studio Solution File, Format Version 12.00
# Visual Studio Version 16
VisualStudioVersion = 16.0.30503.244
MinimumVisualStudioVersion = 10.0.40219.1
Project("{FAE04EC0-301F-11D3-BF4B-00C04F79EFBC}") = "Delegate", "Delegate.csproj", "{B4FF3270-C8A3-47E2-A235-E4DF62D69784}"
EndProject
Project("{FAE04EC0-301F-11D3-BF4B-00C04F79EFBC}") = "test_del", "..\test_del\test_del.csproj", "{FBE0832C-BF34-4D6E-82E7-51DEDA3B0700}"
EndProject
Global
	GlobalSection(SolutionConfigurationPlatforms) = preSolution
		Debug|Any CPU = Debug|Any CPU
		Release|Any CPU = Release|Any CPU
	EndGlobalSection
	GlobalSection(ProjectConfigurationPlatforms) = postSolution
		{B4FF3270-C8A3-47E2-A235-E4DF62D69784}.Debug|Any CPU.ActiveCfg = Debug|Any CPU
		{B4FF3270-C8A3-47E2-A235-E4DF62D69784}.Debug|Any CPU.Build.0 = Debug|Any CPU
		{B4FF3270-C8A3-47E2-A235-E4DF62D69784}.Release|Any CPU.ActiveCfg = Release|Any CPU
		{B4FF3270-C8A3-47E2-A235-E4DF62D69784}.Release|Any CPU.Build.0 = Release|Any CPU
		{FBE0832C-BF34-4D6E-82E7-51DEDA3B0700}.Debug|Any CPU.ActiveCfg = Debug|Any CPU
		{FBE0832C-BF34-4D6E-82E7-51DEDA3B0700}.Debug|Any CPU.Build.0 = Debug|Any CPU
		{FBE0832C-BF34-4D6E-82E7-51DEDA3B0700}.Release|Any CPU.ActiveCfg = Release|Any CPU
		{FBE0832C-BF34-4D6E-82E7-51DEDA3B0700}.Release|Any CPU.Build.0 = Release|Any CPU
	EndGlobalSection
	GlobalSection(SolutionProperties) = preSolution
		HideSolutionNode = FALSE
	EndGlobalSection
	GlobalSection(ExtensibilityGlobals) = postSolution
		SolutionGuid = {B7BA7F8E-EF8D-493D-83FD-8E3D93C8BF57}
	EndGlobalSection
EndGlobal
