
Microsoft Visual Studio Solution File, Format Version 12.00
# Visual Studio Version 16
VisualStudioVersion = 16.0.30503.244
MinimumVisualStudioVersion = 10.0.40219.1
Project("{FAE04EC0-301F-11D3-BF4B-00C04F79EFBC}") = "NotePad", "NotePad.csproj", "{9AE207C8-0A97-4B69-9798-90EA908B60D2}"
EndProject
Project("{FAE04EC0-301F-11D3-BF4B-00C04F79EFBC}") = "task_3", "..\task_3\task_3.csproj", "{F7BA6E8E-E626-47A0-9651-63F1D1FE90C6}"
EndProject
Project("{FAE04EC0-301F-11D3-BF4B-00C04F79EFBC}") = "task_2", "..\task_2\task_2.csproj", "{9213A57B-A55D-4988-8FEB-A2CF0CB9BC1D}"
EndProject
Project("{FAE04EC0-301F-11D3-BF4B-00C04F79EFBC}") = "task_1", "..\task_1\task_1.csproj", "{0ADF5DBD-A628-4885-8B97-AB7CDC0FC410}"
EndProject
Project("{FAE04EC0-301F-11D3-BF4B-00C04F79EFBC}") = "task_5", "..\task_5\task_5.csproj", "{D358B353-79AE-4C9C-9109-0BBFA7E44E9C}"
EndProject
Global
	GlobalSection(SolutionConfigurationPlatforms) = preSolution
		Debug|Any CPU = Debug|Any CPU
		Release|Any CPU = Release|Any CPU
	EndGlobalSection
	GlobalSection(ProjectConfigurationPlatforms) = postSolution
		{9AE207C8-0A97-4B69-9798-90EA908B60D2}.Debug|Any CPU.ActiveCfg = Debug|Any CPU
		{9AE207C8-0A97-4B69-9798-90EA908B60D2}.Debug|Any CPU.Build.0 = Debug|Any CPU
		{9AE207C8-0A97-4B69-9798-90EA908B60D2}.Release|Any CPU.ActiveCfg = Release|Any CPU
		{9AE207C8-0A97-4B69-9798-90EA908B60D2}.Release|Any CPU.Build.0 = Release|Any CPU
		{F7BA6E8E-E626-47A0-9651-63F1D1FE90C6}.Debug|Any CPU.ActiveCfg = Debug|Any CPU
		{F7BA6E8E-E626-47A0-9651-63F1D1FE90C6}.Debug|Any CPU.Build.0 = Debug|Any CPU
		{F7BA6E8E-E626-47A0-9651-63F1D1FE90C6}.Release|Any CPU.ActiveCfg = Release|Any CPU
		{F7BA6E8E-E626-47A0-9651-63F1D1FE90C6}.Release|Any CPU.Build.0 = Release|Any CPU
		{9213A57B-A55D-4988-8FEB-A2CF0CB9BC1D}.Debug|Any CPU.ActiveCfg = Debug|Any CPU
		{9213A57B-A55D-4988-8FEB-A2CF0CB9BC1D}.Debug|Any CPU.Build.0 = Debug|Any CPU
		{9213A57B-A55D-4988-8FEB-A2CF0CB9BC1D}.Release|Any CPU.ActiveCfg = Release|Any CPU
		{9213A57B-A55D-4988-8FEB-A2CF0CB9BC1D}.Release|Any CPU.Build.0 = Release|Any CPU
		{0ADF5DBD-A628-4885-8B97-AB7CDC0FC410}.Debug|Any CPU.ActiveCfg = Debug|Any CPU
		{0ADF5DBD-A628-4885-8B97-AB7CDC0FC410}.Debug|Any CPU.Build.0 = Debug|Any CPU
		{0ADF5DBD-A628-4885-8B97-AB7CDC0FC410}.Release|Any CPU.ActiveCfg = Release|Any CPU
		{0ADF5DBD-A628-4885-8B97-AB7CDC0FC410}.Release|Any CPU.Build.0 = Release|Any CPU
		{D358B353-79AE-4C9C-9109-0BBFA7E44E9C}.Debug|Any CPU.ActiveCfg = Debug|Any CPU
		{D358B353-79AE-4C9C-9109-0BBFA7E44E9C}.Debug|Any CPU.Build.0 = Debug|Any CPU
		{D358B353-79AE-4C9C-9109-0BBFA7E44E9C}.Release|Any CPU.ActiveCfg = Release|Any CPU
		{D358B353-79AE-4C9C-9109-0BBFA7E44E9C}.Release|Any CPU.Build.0 = Release|Any CPU
	EndGlobalSection
	GlobalSection(SolutionProperties) = preSolution
		HideSolutionNode = FALSE
	EndGlobalSection
	GlobalSection(ExtensibilityGlobals) = postSolution
		SolutionGuid = {BC460F2D-A00C-4359-B03A-6FA0718F895F}
	EndGlobalSection
EndGlobal
