
Microsoft Visual Studio Solution File, Format Version 12.00
# Visual Studio Version 16
VisualStudioVersion = 16.0.30503.244
MinimumVisualStudioVersion = 10.0.40219.1
Project("{FAE04EC0-301F-11D3-BF4B-00C04F79EFBC}") = "DatabaseTest", "DatabaseTest.csproj", "{5CB6B542-ACEE-41C1-80D1-391C13C98DA2}"
EndProject
Global
	GlobalSection(SolutionConfigurationPlatforms) = preSolution
		Debug|Any CPU = Debug|Any CPU
		Release|Any CPU = Release|Any CPU
	EndGlobalSection
	GlobalSection(ProjectConfigurationPlatforms) = postSolution
		{5CB6B542-ACEE-41C1-80D1-391C13C98DA2}.Debug|Any CPU.ActiveCfg = Debug|Any CPU
		{5CB6B542-ACEE-41C1-80D1-391C13C98DA2}.Debug|Any CPU.Build.0 = Debug|Any CPU
		{5CB6B542-ACEE-41C1-80D1-391C13C98DA2}.Release|Any CPU.ActiveCfg = Release|Any CPU
		{5CB6B542-ACEE-41C1-80D1-391C13C98DA2}.Release|Any CPU.Build.0 = Release|Any CPU
	EndGlobalSection
	GlobalSection(SolutionProperties) = preSolution
		HideSolutionNode = FALSE
	EndGlobalSection
	GlobalSection(ExtensibilityGlobals) = postSolution
		SolutionGuid = {358D922C-6AFC-41A2-8283-3E2256DB78F2}
	EndGlobalSection
EndGlobal
