
Microsoft Visual Studio Solution File, Format Version 12.00
# Visual Studio Version 16
VisualStudioVersion = 16.0.30503.244
MinimumVisualStudioVersion = 10.0.40219.1
Project("{FAE04EC0-301F-11D3-BF4B-00C04F79EFBC}") = "QR_code", "QR_code.csproj", "{1635991B-8D2C-44A0-AA53-C86A47EA099B}"
EndProject
Project("{FAE04EC0-301F-11D3-BF4B-00C04F79EFBC}") = "implematation", "..\implematation\implematation.csproj", "{DDB10031-6760-4041-8787-7B67C75E7FEA}"
EndProject
Global
	GlobalSection(SolutionConfigurationPlatforms) = preSolution
		Debug|Any CPU = Debug|Any CPU
		Release|Any CPU = Release|Any CPU
	EndGlobalSection
	GlobalSection(ProjectConfigurationPlatforms) = postSolution
		{1635991B-8D2C-44A0-AA53-C86A47EA099B}.Debug|Any CPU.ActiveCfg = Debug|Any CPU
		{1635991B-8D2C-44A0-AA53-C86A47EA099B}.Debug|Any CPU.Build.0 = Debug|Any CPU
		{1635991B-8D2C-44A0-AA53-C86A47EA099B}.Release|Any CPU.ActiveCfg = Release|Any CPU
		{1635991B-8D2C-44A0-AA53-C86A47EA099B}.Release|Any CPU.Build.0 = Release|Any CPU
		{DDB10031-6760-4041-8787-7B67C75E7FEA}.Debug|Any CPU.ActiveCfg = Debug|Any CPU
		{DDB10031-6760-4041-8787-7B67C75E7FEA}.Debug|Any CPU.Build.0 = Debug|Any CPU
		{DDB10031-6760-4041-8787-7B67C75E7FEA}.Release|Any CPU.ActiveCfg = Release|Any CPU
		{DDB10031-6760-4041-8787-7B67C75E7FEA}.Release|Any CPU.Build.0 = Release|Any CPU
	EndGlobalSection
	GlobalSection(SolutionProperties) = preSolution
		HideSolutionNode = FALSE
	EndGlobalSection
	GlobalSection(ExtensibilityGlobals) = postSolution
		SolutionGuid = {6FC810FF-9901-4490-A15F-F2D452D12228}
	EndGlobalSection
EndGlobal
