
Microsoft Visual Studio Solution File, Format Version 12.00
# Visual Studio Version 16
VisualStudioVersion = 16.0.30503.244
MinimumVisualStudioVersion = 10.0.40219.1
Project("{FAE04EC0-301F-11D3-BF4B-00C04F79EFBC}") = "Prime Task", "Prime Task.csproj", "{FC478B94-4CDE-49AE-BEF9-4D1FF531EB63}"
EndProject
Project("{FAE04EC0-301F-11D3-BF4B-00C04F79EFBC}") = "Arrays", "..\Arrays\Arrays.csproj", "{34901067-93F5-4C3A-B568-7D4BC565D18F}"
EndProject
Global
	GlobalSection(SolutionConfigurationPlatforms) = preSolution
		Debug|Any CPU = Debug|Any CPU
		Release|Any CPU = Release|Any CPU
	EndGlobalSection
	GlobalSection(ProjectConfigurationPlatforms) = postSolution
		{FC478B94-4CDE-49AE-BEF9-4D1FF531EB63}.Debug|Any CPU.ActiveCfg = Debug|Any CPU
		{FC478B94-4CDE-49AE-BEF9-4D1FF531EB63}.Debug|Any CPU.Build.0 = Debug|Any CPU
		{FC478B94-4CDE-49AE-BEF9-4D1FF531EB63}.Release|Any CPU.ActiveCfg = Release|Any CPU
		{FC478B94-4CDE-49AE-BEF9-4D1FF531EB63}.Release|Any CPU.Build.0 = Release|Any CPU
		{34901067-93F5-4C3A-B568-7D4BC565D18F}.Debug|Any CPU.ActiveCfg = Debug|Any CPU
		{34901067-93F5-4C3A-B568-7D4BC565D18F}.Debug|Any CPU.Build.0 = Debug|Any CPU
		{34901067-93F5-4C3A-B568-7D4BC565D18F}.Release|Any CPU.ActiveCfg = Release|Any CPU
		{34901067-93F5-4C3A-B568-7D4BC565D18F}.Release|Any CPU.Build.0 = Release|Any CPU
	EndGlobalSection
	GlobalSection(SolutionProperties) = preSolution
		HideSolutionNode = FALSE
	EndGlobalSection
	GlobalSection(ExtensibilityGlobals) = postSolution
		SolutionGuid = {999F7CB5-6641-4773-B785-340C11C8F4CA}
	EndGlobalSection
EndGlobal
